
Microsoft Visual Studio Solution File, Format Version 12.00
# Visual Studio Version 16
VisualStudioVersion = 16.0.31320.298
MinimumVisualStudioVersion = 10.0.40219.1
Project("{FAE04EC0-301F-11D3-BF4B-00C04F79EFBC}") = "Phone", "Phone\Phone.csproj", "{84CE2899-C837-4B26-ABFD-324AA2D59066}"
EndProject
Global
	GlobalSection(SolutionConfigurationPlatforms) = preSolution
		Debug|Any CPU = Debug|Any CPU
		Release|Any CPU = Release|Any CPU
	EndGlobalSection
	GlobalSection(ProjectConfigurationPlatforms) = postSolution
		{84CE2899-C837-4B26-ABFD-324AA2D59066}.Debug|Any CPU.ActiveCfg = Debug|Any CPU
		{84CE2899-C837-4B26-ABFD-324AA2D59066}.Debug|Any CPU.Build.0 = Debug|Any CPU
		{84CE2899-C837-4B26-ABFD-324AA2D59066}.Release|Any CPU.ActiveCfg = Release|Any CPU
		{84CE2899-C837-4B26-ABFD-324AA2D59066}.Release|Any CPU.Build.0 = Release|Any CPU
	EndGlobalSection
	GlobalSection(SolutionProperties) = preSolution
		HideSolutionNode = FALSE
	EndGlobalSection
	GlobalSection(ExtensibilityGlobals) = postSolution
		SolutionGuid = {F39AB93F-9E45-4CD5-9557-77829CB1774A}
	EndGlobalSection
EndGlobal
